
Microsoft Visual Studio Solution File, Format Version 12.00
# Visual Studio Version 17
VisualStudioVersion = 17.11.35431.28
MinimumVisualStudioVersion = 10.0.40219.1
Project("{FAE04EC0-301F-11D3-BF4B-00C04F79EFBC}") = "pretty-girl-face-maker", "pretty-girl-face-maker.csproj", "{207093F7-2D02-4934-8835-009233E72532}"
EndProject
Global
	GlobalSection(SolutionConfigurationPlatforms) = preSolution
		Debug|Any CPU = Debug|Any CPU
		Release|Any CPU = Release|Any CPU
	EndGlobalSection
	GlobalSection(ProjectConfigurationPlatforms) = postSolution
		{207093F7-2D02-4934-8835-009233E72532}.Debug|Any CPU.ActiveCfg = Debug|Any CPU
		{207093F7-2D02-4934-8835-009233E72532}.Debug|Any CPU.Build.0 = Debug|Any CPU
		{207093F7-2D02-4934-8835-009233E72532}.Release|Any CPU.ActiveCfg = Release|Any CPU
		{207093F7-2D02-4934-8835-009233E72532}.Release|Any CPU.Build.0 = Release|Any CPU
	EndGlobalSection
	GlobalSection(SolutionProperties) = preSolution
		HideSolutionNode = FALSE
	EndGlobalSection
	GlobalSection(ExtensibilityGlobals) = postSolution
		SolutionGuid = {AFC2D0D0-3933-4E30-B28C-065EDCEF09F9}
	EndGlobalSection
EndGlobal
